
Microsoft Visual Studio Solution File, Format Version 12.00
# Visual Studio Version 17
VisualStudioVersion = 17.5.33516.290
MinimumVisualStudioVersion = 10.0.40219.1
Project("{8BC9CEB8-8B4A-11D0-8D11-00A0C91BC942}") = "ArtAuctionPlatform", "ArtAuctionPlatform\ArtAuctionPlatform.vcxproj", "{23BE2F5B-4535-4EAF-B1C7-232A44F637C1}"
EndProject
Global
	GlobalSection(SolutionConfigurationPlatforms) = preSolution
		Debug|x64 = Debug|x64
		Release|x64 = Release|x64
	EndGlobalSection
	GlobalSection(ProjectConfigurationPlatforms) = postSolution
		{23BE2F5B-4535-4EAF-B1C7-232A44F637C1}.Debug|x64.ActiveCfg = Debug|x64
		{23BE2F5B-4535-4EAF-B1C7-232A44F637C1}.Debug|x64.Build.0 = Debug|x64
		{23BE2F5B-4535-4EAF-B1C7-232A44F637C1}.Release|x64.ActiveCfg = Release|x64
		{23BE2F5B-4535-4EAF-B1C7-232A44F637C1}.Release|x64.Build.0 = Release|x64
	EndGlobalSection
	GlobalSection(SolutionProperties) = preSolution
		HideSolutionNode = FALSE
	EndGlobalSection
	GlobalSection(ExtensibilityGlobals) = postSolution
		SolutionGuid = {2CE45CEA-03CF-4988-98F1-16AED67D6055}
	EndGlobalSection
EndGlobal
